
Microsoft Visual Studio Solution File, Format Version 12.00
# Visual Studio 15
Project("{FAE04EC0-301F-11D3-BF4B-00C04F79EFBC}") = "Assembly-CSharp", "Assembly-CSharp.csproj", "{5B82490D-C3A1-21A1-5B18-F670F3A162A0}"
EndProject
Project("{FAE04EC0-301F-11D3-BF4B-00C04F79EFBC}") = "Assembly-CSharp-Editor", "Assembly-CSharp-Editor.csproj", "{F4C81513-1F63-4576-BE29-76698A66DFA1}"
EndProject
Global
	GlobalSection(SolutionConfigurationPlatforms) = preSolution
		Debug|Any CPU = Debug|Any CPU
		Release|Any CPU = Release|Any CPU
	EndGlobalSection
	GlobalSection(ProjectConfigurationPlatforms) = postSolution
		{5B82490D-C3A1-21A1-5B18-F670F3A162A0}.Debug|Any CPU.ActiveCfg = Debug|Any CPU
		{5B82490D-C3A1-21A1-5B18-F670F3A162A0}.Debug|Any CPU.Build.0 = Debug|Any CPU
		{5B82490D-C3A1-21A1-5B18-F670F3A162A0}.Release|Any CPU.ActiveCfg = Release|Any CPU
		{5B82490D-C3A1-21A1-5B18-F670F3A162A0}.Release|Any CPU.Build.0 = Release|Any CPU
		{F4C81513-1F63-4576-BE29-76698A66DFA1}.Debug|Any CPU.ActiveCfg = Debug|Any CPU
		{F4C81513-1F63-4576-BE29-76698A66DFA1}.Debug|Any CPU.Build.0 = Debug|Any CPU
		{F4C81513-1F63-4576-BE29-76698A66DFA1}.Release|Any CPU.ActiveCfg = Release|Any CPU
		{F4C81513-1F63-4576-BE29-76698A66DFA1}.Release|Any CPU.Build.0 = Release|Any CPU
	EndGlobalSection
	GlobalSection(SolutionProperties) = preSolution
		HideSolutionNode = FALSE
	EndGlobalSection
EndGlobal
